
Microsoft Visual Studio Solution File, Format Version 12.00
# Visual Studio Version 17
VisualStudioVersion = 17.0.31903.59
MinimumVisualStudioVersion = 10.0.40219.1
Project("{FAE04EC0-301F-11D3-BF4B-00C04F79EFBC}") = "ProjCB", "ProjCB\ProjCB.csproj", "{5BC9377F-E9D5-4399-B6F9-0AE479383746}"
EndProject
Project("{FAE04EC0-301F-11D3-BF4B-00C04F79EFBC}") = "ProjCB.Tests", "ProjCB.Tests\ProjCB.Tests.csproj", "{DAD51C6E-4268-42F6-8CEA-531AC240FB3E}"
EndProject
Global
	GlobalSection(SolutionConfigurationPlatforms) = preSolution
		Debug|Any CPU = Debug|Any CPU
		Release|Any CPU = Release|Any CPU
	EndGlobalSection
	GlobalSection(SolutionProperties) = preSolution
		HideSolutionNode = FALSE
	EndGlobalSection
	GlobalSection(ProjectConfigurationPlatforms) = postSolution
		{5BC9377F-E9D5-4399-B6F9-0AE479383746}.Debug|Any CPU.ActiveCfg = Debug|Any CPU
		{5BC9377F-E9D5-4399-B6F9-0AE479383746}.Debug|Any CPU.Build.0 = Debug|Any CPU
		{5BC9377F-E9D5-4399-B6F9-0AE479383746}.Release|Any CPU.ActiveCfg = Release|Any CPU
		{5BC9377F-E9D5-4399-B6F9-0AE479383746}.Release|Any CPU.Build.0 = Release|Any CPU
		{DAD51C6E-4268-42F6-8CEA-531AC240FB3E}.Debug|Any CPU.ActiveCfg = Debug|Any CPU
		{DAD51C6E-4268-42F6-8CEA-531AC240FB3E}.Debug|Any CPU.Build.0 = Debug|Any CPU
		{DAD51C6E-4268-42F6-8CEA-531AC240FB3E}.Release|Any CPU.ActiveCfg = Release|Any CPU
		{DAD51C6E-4268-42F6-8CEA-531AC240FB3E}.Release|Any CPU.Build.0 = Release|Any CPU
	EndGlobalSection
EndGlobal
